
Microsoft Visual Studio Solution File, Format Version 12.00
# Visual Studio Version 16
VisualStudioVersion = 16.0.31005.135
MinimumVisualStudioVersion = 10.0.40219.1
Project("{FAE04EC0-301F-11D3-BF4B-00C04F79EFBC}") = "Filosofos", "Filosofos.csproj", "{62876B18-E444-4DB9-B84F-8B6C012CAFE0}"
EndProject
Global
	GlobalSection(SolutionConfigurationPlatforms) = preSolution
		Debug|Any CPU = Debug|Any CPU
		Release|Any CPU = Release|Any CPU
	EndGlobalSection
	GlobalSection(ProjectConfigurationPlatforms) = postSolution
		{62876B18-E444-4DB9-B84F-8B6C012CAFE0}.Debug|Any CPU.ActiveCfg = Debug|Any CPU
		{62876B18-E444-4DB9-B84F-8B6C012CAFE0}.Debug|Any CPU.Build.0 = Debug|Any CPU
		{62876B18-E444-4DB9-B84F-8B6C012CAFE0}.Release|Any CPU.ActiveCfg = Release|Any CPU
		{62876B18-E444-4DB9-B84F-8B6C012CAFE0}.Release|Any CPU.Build.0 = Release|Any CPU
	EndGlobalSection
	GlobalSection(SolutionProperties) = preSolution
		HideSolutionNode = FALSE
	EndGlobalSection
	GlobalSection(ExtensibilityGlobals) = postSolution
		SolutionGuid = {61D5A8B8-7A65-4E49-8635-FCABBB0BA480}
	EndGlobalSection
EndGlobal
